
Microsoft Visual Studio Solution File, Format Version 12.00
# Visual Studio 2013
VisualStudioVersion = 12.0.31101.0
MinimumVisualStudioVersion = 10.0.40219.1
Project("{2150E333-8FDC-42A3-9474-1A3956D46DE8}") = "Code Analysis", "Code Analysis", "{E5E0F4D1-CC44-429B-A48B-D41501BDCC0C}"
	ProjectSection(SolutionItems) = preProject
		..\CaaS_PS (unit-test).ruleset = ..\CaaS_PS (unit-test).ruleset
		..\CaaS_PS (web).ruleset = ..\CaaS_PS (web).ruleset
		..\CaaS_PS.ruleset = ..\CaaS_PS.ruleset
		..\CustomDictionary.xml = ..\CustomDictionary.xml
		..\LICENSE = ..\LICENSE
		..\Settings.StyleCop = ..\Settings.StyleCop
	EndProjectSection
EndProject
Project("{2150E333-8FDC-42A3-9474-1A3956D46DE8}") = "Common", "Common", "{B01410A7-D99E-4F0F-B4DB-AF1AB407C3FB}"
	ProjectSection(SolutionItems) = preProject
		..\LICENSE = ..\LICENSE
		..\README.md = ..\README.md
		SolutionAssemblyInfo.cs = SolutionAssemblyInfo.cs
	EndProjectSection
EndProject
Project("{FAE04EC0-301F-11D3-BF4B-00C04F79EFBC}") = "Compute.Contracts", "Compute.Contracts\Compute.Contracts.csproj", "{4ACBF469-17A8-407B-8C84-0FA112D5CFCF}"
EndProject
Project("{FAE04EC0-301F-11D3-BF4B-00C04F79EFBC}") = "Compute.Client", "Compute.Client\Compute.Client.csproj", "{C1F76663-78B7-4C29-B73B-206986567562}"
EndProject
Project("{2150E333-8FDC-42A3-9474-1A3956D46DE8}") = "Tests", "Tests", "{19AFA63F-B7A0-4DF1-A630-F67D3EE44903}"
EndProject
Project("{FAE04EC0-301F-11D3-BF4B-00C04F79EFBC}") = "Compute.Client.UnitTests", "Compute.Client.UnitTests\Compute.Client.UnitTests.csproj", "{5ECC7E1B-C8EB-4B22-A5DD-7C1F6B1FAD6E}"
EndProject
Project("{2150E333-8FDC-42A3-9474-1A3956D46DE8}") = ".nuget", ".nuget", "{C4EABFE4-30A2-4C0C-92D4-16B963EFC7CB}"
	ProjectSection(SolutionItems) = preProject
		.nuget\NuGet.Config = .nuget\NuGet.Config
		.nuget\NuGet.exe = .nuget\NuGet.exe
		.nuget\NuGet.targets = .nuget\NuGet.targets
	EndProjectSection
EndProject
Global
	GlobalSection(SolutionConfigurationPlatforms) = preSolution
		Debug|Any CPU = Debug|Any CPU
		Release|Any CPU = Release|Any CPU
	EndGlobalSection
	GlobalSection(ProjectConfigurationPlatforms) = postSolution
		{4ACBF469-17A8-407B-8C84-0FA112D5CFCF}.Debug|Any CPU.ActiveCfg = Debug|Any CPU
		{4ACBF469-17A8-407B-8C84-0FA112D5CFCF}.Debug|Any CPU.Build.0 = Debug|Any CPU
		{4ACBF469-17A8-407B-8C84-0FA112D5CFCF}.Release|Any CPU.ActiveCfg = Release|Any CPU
		{4ACBF469-17A8-407B-8C84-0FA112D5CFCF}.Release|Any CPU.Build.0 = Release|Any CPU
		{C1F76663-78B7-4C29-B73B-206986567562}.Debug|Any CPU.ActiveCfg = Debug|Any CPU
		{C1F76663-78B7-4C29-B73B-206986567562}.Debug|Any CPU.Build.0 = Debug|Any CPU
		{C1F76663-78B7-4C29-B73B-206986567562}.Release|Any CPU.ActiveCfg = Release|Any CPU
		{C1F76663-78B7-4C29-B73B-206986567562}.Release|Any CPU.Build.0 = Release|Any CPU
		{5ECC7E1B-C8EB-4B22-A5DD-7C1F6B1FAD6E}.Debug|Any CPU.ActiveCfg = Debug|Any CPU
		{5ECC7E1B-C8EB-4B22-A5DD-7C1F6B1FAD6E}.Debug|Any CPU.Build.0 = Debug|Any CPU
		{5ECC7E1B-C8EB-4B22-A5DD-7C1F6B1FAD6E}.Release|Any CPU.ActiveCfg = Release|Any CPU
		{5ECC7E1B-C8EB-4B22-A5DD-7C1F6B1FAD6E}.Release|Any CPU.Build.0 = Release|Any CPU
	EndGlobalSection
	GlobalSection(SolutionProperties) = preSolution
		HideSolutionNode = FALSE
	EndGlobalSection
	GlobalSection(NestedProjects) = preSolution
		{E5E0F4D1-CC44-429B-A48B-D41501BDCC0C} = {B01410A7-D99E-4F0F-B4DB-AF1AB407C3FB}
		{5ECC7E1B-C8EB-4B22-A5DD-7C1F6B1FAD6E} = {19AFA63F-B7A0-4DF1-A630-F67D3EE44903}
	EndGlobalSection
EndGlobal
